
Microsoft Visual Studio Solution File, Format Version 12.00
# Visual Studio Version 16
VisualStudioVersion = 16.0.30717.126
MinimumVisualStudioVersion = 10.0.40219.1
Project("{FAE04EC0-301F-11D3-BF4B-00C04F79EFBC}") = "SampleApp", "SampleApp\SampleApp.csproj", "{384AA5A1-2A90-4E21-9C0C-DE8F47434B03}"
EndProject
Global
	GlobalSection(SolutionConfigurationPlatforms) = preSolution
		Debug|Any CPU = Debug|Any CPU
		Release|Any CPU = Release|Any CPU
	EndGlobalSection
	GlobalSection(ProjectConfigurationPlatforms) = postSolution
		{384AA5A1-2A90-4E21-9C0C-DE8F47434B03}.Debug|Any CPU.ActiveCfg = Debug|Any CPU
		{384AA5A1-2A90-4E21-9C0C-DE8F47434B03}.Debug|Any CPU.Build.0 = Debug|Any CPU
		{384AA5A1-2A90-4E21-9C0C-DE8F47434B03}.Release|Any CPU.ActiveCfg = Release|Any CPU
		{384AA5A1-2A90-4E21-9C0C-DE8F47434B03}.Release|Any CPU.Build.0 = Release|Any CPU
	EndGlobalSection
	GlobalSection(SolutionProperties) = preSolution
		HideSolutionNode = FALSE
	EndGlobalSection
	GlobalSection(ExtensibilityGlobals) = postSolution
		SolutionGuid = {70D62F76-77F9-4ACB-B9D0-A486900062CD}
	EndGlobalSection
EndGlobal
